
Microsoft Visual Studio Solution File, Format Version 12.00
# Visual Studio Version 16
VisualStudioVersion = 16.0.31605.320
MinimumVisualStudioVersion = 10.0.40219.1
Project("{9A19103F-16F7-4668-BE54-9A1E7A4F7556}") = "shitcordbot", "shitcordbot\shitcordbot.csproj", "{5AE7181A-C781-450E-9654-4D24F6794B1C}"
EndProject
Global
	GlobalSection(SolutionConfigurationPlatforms) = preSolution
		Debug|Any CPU = Debug|Any CPU
		Release|Any CPU = Release|Any CPU
	EndGlobalSection
	GlobalSection(ProjectConfigurationPlatforms) = postSolution
		{5AE7181A-C781-450E-9654-4D24F6794B1C}.Debug|Any CPU.ActiveCfg = Debug|Any CPU
		{5AE7181A-C781-450E-9654-4D24F6794B1C}.Debug|Any CPU.Build.0 = Debug|Any CPU
		{5AE7181A-C781-450E-9654-4D24F6794B1C}.Release|Any CPU.ActiveCfg = Release|Any CPU
		{5AE7181A-C781-450E-9654-4D24F6794B1C}.Release|Any CPU.Build.0 = Release|Any CPU
	EndGlobalSection
	GlobalSection(SolutionProperties) = preSolution
		HideSolutionNode = FALSE
	EndGlobalSection
	GlobalSection(ExtensibilityGlobals) = postSolution
		SolutionGuid = {526EA330-2775-4E22-8AAB-CB1B549BCFA4}
	EndGlobalSection
EndGlobal
